
Microsoft Visual Studio Solution File, Format Version 12.00
# Visual Studio Version 16
VisualStudioVersion = 16.0.28714.193
MinimumVisualStudioVersion = 10.0.40219.1
Project("{9A19103F-16F7-4668-BE54-9A1E7A4F7556}") = "consensus.net.bus", "src\consensus.net.bus\consensus.net.bus.csproj", "{02CEAE32-A003-46FF-9A12-B03063C8114D}"
EndProject
Project("{9A19103F-16F7-4668-BE54-9A1E7A4F7556}") = "consensus.net.core", "src\consensus.net.core\consensus.net.core.csproj", "{7D40DD1A-E407-4317-A0E1-56BCCBE89697}"
EndProject
Project("{9A19103F-16F7-4668-BE54-9A1E7A4F7556}") = "consensus.net.service-registry", "samples\consensus.net.service-registry\consensus.net.service-registry.csproj", "{00F4FBE2-3C8E-4DFA-907D-FC820A85CB5D}"
EndProject
Project("{2150E333-8FDC-42A3-9474-1A3956D46DE8}") = "Samples", "Samples", "{6BC3630A-BC96-494B-894F-61434AD5F334}"
EndProject
Project("{9A19103F-16F7-4668-BE54-9A1E7A4F7556}") = "consensus.net.interfaces", "src\consensus.net.interfaces\consensus.net.interfaces.csproj", "{C0FECBB0-EC20-4476-A44F-45A4987375EC}"
EndProject
Project("{9A19103F-16F7-4668-BE54-9A1E7A4F7556}") = "consensus.net.key-value", "samples\consensus.net.keyvalue.service\consensus.net.key-value.csproj", "{945E7407-092F-4B42-B968-56860C4071C5}"
EndProject
Global
	GlobalSection(SolutionConfigurationPlatforms) = preSolution
		Debug|Any CPU = Debug|Any CPU
		Release|Any CPU = Release|Any CPU
	EndGlobalSection
	GlobalSection(ProjectConfigurationPlatforms) = postSolution
		{02CEAE32-A003-46FF-9A12-B03063C8114D}.Debug|Any CPU.ActiveCfg = Debug|Any CPU
		{02CEAE32-A003-46FF-9A12-B03063C8114D}.Debug|Any CPU.Build.0 = Debug|Any CPU
		{02CEAE32-A003-46FF-9A12-B03063C8114D}.Release|Any CPU.ActiveCfg = Release|Any CPU
		{02CEAE32-A003-46FF-9A12-B03063C8114D}.Release|Any CPU.Build.0 = Release|Any CPU
		{7D40DD1A-E407-4317-A0E1-56BCCBE89697}.Debug|Any CPU.ActiveCfg = Debug|Any CPU
		{7D40DD1A-E407-4317-A0E1-56BCCBE89697}.Debug|Any CPU.Build.0 = Debug|Any CPU
		{7D40DD1A-E407-4317-A0E1-56BCCBE89697}.Release|Any CPU.ActiveCfg = Release|Any CPU
		{7D40DD1A-E407-4317-A0E1-56BCCBE89697}.Release|Any CPU.Build.0 = Release|Any CPU
		{00F4FBE2-3C8E-4DFA-907D-FC820A85CB5D}.Debug|Any CPU.ActiveCfg = Debug|Any CPU
		{00F4FBE2-3C8E-4DFA-907D-FC820A85CB5D}.Debug|Any CPU.Build.0 = Debug|Any CPU
		{00F4FBE2-3C8E-4DFA-907D-FC820A85CB5D}.Release|Any CPU.ActiveCfg = Release|Any CPU
		{00F4FBE2-3C8E-4DFA-907D-FC820A85CB5D}.Release|Any CPU.Build.0 = Release|Any CPU
		{C0FECBB0-EC20-4476-A44F-45A4987375EC}.Debug|Any CPU.ActiveCfg = Debug|Any CPU
		{C0FECBB0-EC20-4476-A44F-45A4987375EC}.Debug|Any CPU.Build.0 = Debug|Any CPU
		{C0FECBB0-EC20-4476-A44F-45A4987375EC}.Release|Any CPU.ActiveCfg = Release|Any CPU
		{C0FECBB0-EC20-4476-A44F-45A4987375EC}.Release|Any CPU.Build.0 = Release|Any CPU
		{945E7407-092F-4B42-B968-56860C4071C5}.Debug|Any CPU.ActiveCfg = Debug|Any CPU
		{945E7407-092F-4B42-B968-56860C4071C5}.Debug|Any CPU.Build.0 = Debug|Any CPU
		{945E7407-092F-4B42-B968-56860C4071C5}.Release|Any CPU.ActiveCfg = Release|Any CPU
		{945E7407-092F-4B42-B968-56860C4071C5}.Release|Any CPU.Build.0 = Release|Any CPU
	EndGlobalSection
	GlobalSection(SolutionProperties) = preSolution
		HideSolutionNode = FALSE
	EndGlobalSection
	GlobalSection(NestedProjects) = preSolution
		{00F4FBE2-3C8E-4DFA-907D-FC820A85CB5D} = {6BC3630A-BC96-494B-894F-61434AD5F334}
		{945E7407-092F-4B42-B968-56860C4071C5} = {6BC3630A-BC96-494B-894F-61434AD5F334}
	EndGlobalSection
	GlobalSection(ExtensibilityGlobals) = postSolution
		SolutionGuid = {A485325A-5131-495F-A0D2-C216F1C2CE4C}
	EndGlobalSection
EndGlobal
